
Microsoft Visual Studio Solution File, Format Version 12.00
# Visual Studio Version 17
VisualStudioVersion = 17.11.35327.3
MinimumVisualStudioVersion = 10.0.40219.1
Project("{2150E333-8FDC-42A3-9474-1A3956D46DE8}") = "BAL", "BAL", "{21086061-6816-478D-A884-840FBC84DAAA}"
EndProject
Project("{2150E333-8FDC-42A3-9474-1A3956D46DE8}") = "API", "API", "{95DE4FD2-911D-433E-9F19-FF6479978E77}"
EndProject
Project("{2150E333-8FDC-42A3-9474-1A3956D46DE8}") = "DAL", "DAL", "{4000153B-994F-4171-A78F-258B06115E75}"
EndProject
Project("{9A19103F-16F7-4668-BE54-9A1E7A4F7556}") = "APIDemo.API", "APIDemo.API\APIDemo.API.csproj", "{2F6913B6-8DA0-4B3C-9222-58586C263E5B}"
EndProject
Project("{9A19103F-16F7-4668-BE54-9A1E7A4F7556}") = "APIDemo.BAL", "APIDemo.BAL\APIDemo.BAL.csproj", "{4C93C952-77B7-4EC1-A62D-5F631265B76A}"
EndProject
Project("{9A19103F-16F7-4668-BE54-9A1E7A4F7556}") = "APIDemo.DAL", "APIDemo.DAL\APIDemo.DAL.csproj", "{21ADE6CC-962A-42A8-ADDD-35E04014A259}"
EndProject
Project("{2150E333-8FDC-42A3-9474-1A3956D46DE8}") = "WebUI", "WebUI", "{72F8900D-703D-4388-A86D-C4098D0CD46B}"
EndProject
Project("{9A19103F-16F7-4668-BE54-9A1E7A4F7556}") = "UIDemo", "UIDemo\UIDemo.csproj", "{2F992E19-344E-4E2E-B51B-31C13F56AC7E}"
EndProject
Global
	GlobalSection(SolutionConfigurationPlatforms) = preSolution
		Debug|Any CPU = Debug|Any CPU
		Release|Any CPU = Release|Any CPU
	EndGlobalSection
	GlobalSection(ProjectConfigurationPlatforms) = postSolution
		{2F6913B6-8DA0-4B3C-9222-58586C263E5B}.Debug|Any CPU.ActiveCfg = Debug|Any CPU
		{2F6913B6-8DA0-4B3C-9222-58586C263E5B}.Debug|Any CPU.Build.0 = Debug|Any CPU
		{2F6913B6-8DA0-4B3C-9222-58586C263E5B}.Release|Any CPU.ActiveCfg = Release|Any CPU
		{2F6913B6-8DA0-4B3C-9222-58586C263E5B}.Release|Any CPU.Build.0 = Release|Any CPU
		{4C93C952-77B7-4EC1-A62D-5F631265B76A}.Debug|Any CPU.ActiveCfg = Debug|Any CPU
		{4C93C952-77B7-4EC1-A62D-5F631265B76A}.Debug|Any CPU.Build.0 = Debug|Any CPU
		{4C93C952-77B7-4EC1-A62D-5F631265B76A}.Release|Any CPU.ActiveCfg = Release|Any CPU
		{4C93C952-77B7-4EC1-A62D-5F631265B76A}.Release|Any CPU.Build.0 = Release|Any CPU
		{21ADE6CC-962A-42A8-ADDD-35E04014A259}.Debug|Any CPU.ActiveCfg = Debug|Any CPU
		{21ADE6CC-962A-42A8-ADDD-35E04014A259}.Debug|Any CPU.Build.0 = Debug|Any CPU
		{21ADE6CC-962A-42A8-ADDD-35E04014A259}.Release|Any CPU.ActiveCfg = Release|Any CPU
		{21ADE6CC-962A-42A8-ADDD-35E04014A259}.Release|Any CPU.Build.0 = Release|Any CPU
		{2F992E19-344E-4E2E-B51B-31C13F56AC7E}.Debug|Any CPU.ActiveCfg = Debug|Any CPU
		{2F992E19-344E-4E2E-B51B-31C13F56AC7E}.Debug|Any CPU.Build.0 = Debug|Any CPU
		{2F992E19-344E-4E2E-B51B-31C13F56AC7E}.Release|Any CPU.ActiveCfg = Release|Any CPU
		{2F992E19-344E-4E2E-B51B-31C13F56AC7E}.Release|Any CPU.Build.0 = Release|Any CPU
	EndGlobalSection
	GlobalSection(SolutionProperties) = preSolution
		HideSolutionNode = FALSE
	EndGlobalSection
	GlobalSection(NestedProjects) = preSolution
		{2F6913B6-8DA0-4B3C-9222-58586C263E5B} = {95DE4FD2-911D-433E-9F19-FF6479978E77}
		{4C93C952-77B7-4EC1-A62D-5F631265B76A} = {21086061-6816-478D-A884-840FBC84DAAA}
		{21ADE6CC-962A-42A8-ADDD-35E04014A259} = {4000153B-994F-4171-A78F-258B06115E75}
		{2F992E19-344E-4E2E-B51B-31C13F56AC7E} = {72F8900D-703D-4388-A86D-C4098D0CD46B}
	EndGlobalSection
	GlobalSection(ExtensibilityGlobals) = postSolution
		SolutionGuid = {204218B8-CF3E-430B-BC87-F31B9392B977}
	EndGlobalSection
EndGlobal
